
Microsoft Visual Studio Solution File, Format Version 12.00
# Visual Studio Version 17
VisualStudioVersion = 17.13.35825.156
MinimumVisualStudioVersion = 10.0.40219.1
Project("{FAE04EC0-301F-11D3-BF4B-00C04F79EFBC}") = "Frame", "Frame\Frame.csproj", "{18CFC0EA-68B1-4684-955A-1F1FA7EE76C5}"
EndProject
Project("{2150E333-8FDC-42A3-9474-1A3956D46DE8}") = "Solution Items", "Solution Items", "{8EC462FD-D22E-90A8-E5CE-7E832BA40C5D}"
	ProjectSection(SolutionItems) = preProject
		..\README.md = ..\README.md
	EndProjectSection
EndProject
Project("{FAE04EC0-301F-11D3-BF4B-00C04F79EFBC}") = "Example", "..\Example\Example.csproj", "{5856D00C-6AA2-4784-8E13-4FEFC950E3F5}"
	ProjectSection(ProjectDependencies) = postProject
		{18CFC0EA-68B1-4684-955A-1F1FA7EE76C5} = {18CFC0EA-68B1-4684-955A-1F1FA7EE76C5}
	EndProjectSection
EndProject
Global
	GlobalSection(SolutionConfigurationPlatforms) = preSolution
		Debug|Any CPU = Debug|Any CPU
		Release|Any CPU = Release|Any CPU
	EndGlobalSection
	GlobalSection(ProjectConfigurationPlatforms) = postSolution
		{18CFC0EA-68B1-4684-955A-1F1FA7EE76C5}.Debug|Any CPU.ActiveCfg = Debug|Any CPU
		{18CFC0EA-68B1-4684-955A-1F1FA7EE76C5}.Debug|Any CPU.Build.0 = Debug|Any CPU
		{18CFC0EA-68B1-4684-955A-1F1FA7EE76C5}.Release|Any CPU.ActiveCfg = Release|Any CPU
		{18CFC0EA-68B1-4684-955A-1F1FA7EE76C5}.Release|Any CPU.Build.0 = Release|Any CPU
		{5856D00C-6AA2-4784-8E13-4FEFC950E3F5}.Debug|Any CPU.ActiveCfg = Debug|Any CPU
		{5856D00C-6AA2-4784-8E13-4FEFC950E3F5}.Debug|Any CPU.Build.0 = Debug|Any CPU
		{5856D00C-6AA2-4784-8E13-4FEFC950E3F5}.Release|Any CPU.ActiveCfg = Release|Any CPU
		{5856D00C-6AA2-4784-8E13-4FEFC950E3F5}.Release|Any CPU.Build.0 = Release|Any CPU
	EndGlobalSection
	GlobalSection(SolutionProperties) = preSolution
		HideSolutionNode = FALSE
	EndGlobalSection
	GlobalSection(ExtensibilityGlobals) = postSolution
		SolutionGuid = {280311B1-B29D-4D0D-ABF0-3A3697F6D27C}
	EndGlobalSection
EndGlobal
